lockfileVersion: 5.4

specifiers:
  '@vitejs/plugin-vue': ^3.1.0
  typescript: ^4.6.4
  vite: ^4.1.0
  vue: ^3.2.37
  vue-tsc: ^0.40.4

dependencies:
  vue: artifactory.intra.xiaojukeji.com/vue/3.2.47

devDependencies:
  '@vitejs/plugin-vue': artifactory.intra.xiaojukeji.com/@vitejs/plugin-vue/3.2.0_vite@4.1.1+vue@3.2.47
  typescript: artifactory.intra.xiaojukeji.com/typescript/4.9.5
  vite: artifactory.intra.xiaojukeji.com/vite/4.1.1
  vue-tsc: artifactory.intra.xiaojukeji.com/vue-tsc/0.40.13_typescript@4.9.5

packages:

  artifactory.intra.xiaojukeji.com/@babel/helper-string-parser/7.19.4:
    resolution: {integrity: sha1-ONOstlS0cBqbd/sGFalvd1w6nmM=, registry: https://npm.intra.xiaojukeji.com/, tarball: http://artifactory.intra.xiaojukeji.com/artifactory/api/npm/npm/@babel/helper-string-parser/-/helper-string-parser-7.19.4.tgz?dl=https%3A%2F%2Fregistry.npmmirror.com%2F%40babel%2Fhelper-string-parser%2F-%2Fhelper-string-parser-7.19.4.tgz}
    name: '@babel/helper-string-parser'
    version: 7.19.4
    engines: {node: '>=6.9.0'}

  artifactory.intra.xiaojukeji.com/@babel/helper-validator-identifier/7.19.1:
    resolution: {integrity: sha1-fuqDTPMpAf/cGn7lVeL5wn4knKI=, registry: https://npm.intra.xiaojukeji.com/, tarball: http://artifactory.intra.xiaojukeji.com/artifactory/api/npm/npm/@babel/helper-validator-identifier/-/helper-validator-identifier-7.19.1.tgz?dl=https%3A%2F%2Fregistry.npmmirror.com%2F%40babel%2Fhelper-validator-identifier%2F-%2Fhelper-validator-identifier-7.19.1.tgz}
    name: '@babel/helper-validator-identifier'
    version: 7.19.1
    engines: {node: '>=6.9.0'}

  artifactory.intra.xiaojukeji.com/@babel/parser/7.20.15:
    resolution: {integrity: sha1-7snzbY6vCUi7iMh6RnhLXun9DIk=, registry: https://npm.intra.xiaojukeji.com/, tarball: http://artifactory.intra.xiaojukeji.com/artifactory/api/npm/npm/@babel/parser/-/parser-7.20.15.tgz?dl=https%3A%2F%2Fregistry.npmmirror.com%2F%40babel%2Fparser%2F-%2Fparser-7.20.15.tgz}
    name: '@babel/parser'
    version: 7.20.15
    engines: {node: '>=6.0.0'}
    hasBin: true
    dependencies:
      '@babel/types': artifactory.intra.xiaojukeji.com/@babel/types/7.20.7

  artifactory.intra.xiaojukeji.com/@babel/types/7.20.7:
    resolution: {integrity: sha1-VOx14lIxhCP8B/tkTcalimTAm38=, registry: https://npm.intra.xiaojukeji.com/, tarball: http://artifactory.intra.xiaojukeji.com/artifactory/api/npm/npm/@babel/types/-/types-7.20.7.tgz?dl=https%3A%2F%2Fregistry.npmmirror.com%2F%40babel%2Ftypes%2F-%2Ftypes-7.20.7.tgz}
    name: '@babel/types'
    version: 7.20.7
    engines: {node: '>=6.9.0'}
    dependencies:
      '@babel/helper-string-parser': artifactory.intra.xiaojukeji.com/@babel/helper-string-parser/7.19.4
      '@babel/helper-validator-identifier': artifactory.intra.xiaojukeji.com/@babel/helper-validator-identifier/7.19.1
      to-fast-properties: artifactory.intra.xiaojukeji.com/to-fast-properties/2.0.0

  artifactory.intra.xiaojukeji.com/@esbuild/android-arm/0.16.17:
    resolution: {integrity: sha1-AltiRtP2i3u6qXBpFE+1+3Dy//I=, registry: https://npm.intra.xiaojukeji.com/, tarball: http://artifactory.intra.xiaojukeji.com/artifactory/api/npm/npm/@esbuild/android-arm/-/android-arm-0.16.17.tgz?dl=https%3A%2F%2Fregistry.npmmirror.com%2F%40esbuild%2Fandroid-arm%2F-%2Fandroid-arm-0.16.17.tgz}
    name: '@esbuild/android-arm'
    version: 0.16.17
    engines: {node: '>=12'}
    cpu: [arm]
    os: [android]
    requiresBuild: true
    dev: true
    optional: true

  artifactory.intra.xiaojukeji.com/@esbuild/android-arm64/0.16.17:
    resolution: {integrity: sha1-z5HobfEnqj0UF0Ttr8ugq9xXfSM=, registry: https://npm.intra.xiaojukeji.com/, tarball: http://artifactory.intra.xiaojukeji.com/artifactory/api/npm/npm/@esbuild/android-arm64/-/android-arm64-0.16.17.tgz?dl=https%3A%2F%2Fregistry.npmmirror.com%2F%40esbuild%2Fandroid-arm64%2F-%2Fandroid-arm64-0.16.17.tgz}
    name: '@esbuild/android-arm64'
    version: 0.16.17
    engines: {node: '>=12'}
    cpu: [arm64]
    os: [android]
    requiresBuild: true
    dev: true
    optional: true

  artifactory.intra.xiaojukeji.com/@esbuild/android-x64/0.16.17:
    resolution: {integrity: sha1-yCDg/vmC+ZqFxLi/3VgoNfBM2W4=, registry: https://npm.intra.xiaojukeji.com/, tarball: http://artifactory.intra.xiaojukeji.com/artifactory/api/npm/npm/@esbuild/android-x64/-/android-x64-0.16.17.tgz?dl=https%3A%2F%2Fregistry.npmmirror.com%2F%40esbuild%2Fandroid-x64%2F-%2Fandroid-x64-0.16.17.tgz}
    name: '@esbuild/android-x64'
    version: 0.16.17
    engines: {node: '>=12'}
    cpu: [x64]
    os: [android]
    requiresBuild: true
    dev: true
    optional: true

  artifactory.intra.xiaojukeji.com/@esbuild/darwin-arm64/0.16.17:
    resolution: {integrity: sha1-7e9Eh69rIa+runvlEywm0iN5siA=, registry: https://npm.intra.xiaojukeji.com/, tarball: http://artifactory.intra.xiaojukeji.com/artifactory/api/npm/npm/@esbuild/darwin-arm64/-/darwin-arm64-0.16.17.tgz?dl=https%3A%2F%2Fregistry.npmmirror.com%2F%40esbuild%2Fdarwin-arm64%2F-%2Fdarwin-arm64-0.16.17.tgz}
    name: '@esbuild/darwin-arm64'
    version: 0.16.17
    engines: {node: '>=12'}
    cpu: [arm64]
    os: [darwin]
    requiresBuild: true
    dev: true
    optional: true

  artifactory.intra.xiaojukeji.com/@esbuild/darwin-x64/0.16.17:
    resolution: {integrity: sha1-QoKRaHMAccQe8NAo2DGe6g4pBLQ=, registry: https://npm.intra.xiaojukeji.com/, tarball: http://artifactory.intra.xiaojukeji.com/artifactory/api/npm/npm/@esbuild/darwin-x64/-/darwin-x64-0.16.17.tgz?dl=https%3A%2F%2Fregistry.npmmirror.com%2F%40esbuild%2Fdarwin-x64%2F-%2Fdarwin-x64-0.16.17.tgz}
    name: '@esbuild/darwin-x64'
    version: 0.16.17
    engines: {node: '>=12'}
    cpu: [x64]
    os: [darwin]
    requiresBuild: true
    dev: true
    optional: true

  artifactory.intra.xiaojukeji.com/@esbuild/freebsd-arm64/0.16.17:
    resolution: {integrity: sha1-H0r0iL/H6c7QQgcDTTmOeTtXCic=, registry: https://npm.intra.xiaojukeji.com/, tarball: http://artifactory.intra.xiaojukeji.com/artifactory/api/npm/npm/@esbuild/freebsd-arm64/-/freebsd-arm64-0.16.17.tgz?dl=https%3A%2F%2Fregistry.npmmirror.com%2F%40esbuild%2Ffreebsd-arm64%2F-%2Ffreebsd-arm64-0.16.17.tgz}
    name: '@esbuild/freebsd-arm64'
    version: 0.16.17
    engines: {node: '>=12'}
    cpu: [arm64]
    os: [freebsd]
    requiresBuild: true
    dev: true
    optional: true

  artifactory.intra.xiaojukeji.com/@esbuild/freebsd-x64/0.16.17:
    resolution: {integrity: sha1-Y2MG8Z6byYHgaqHXdzAtrY/dr3I=, registry: https://npm.intra.xiaojukeji.com/, tarball: http://artifactory.intra.xiaojukeji.com/artifactory/api/npm/npm/@esbuild/freebsd-x64/-/freebsd-x64-0.16.17.tgz?dl=https%3A%2F%2Fregistry.npmmirror.com%2F%40esbuild%2Ffreebsd-x64%2F-%2Ffreebsd-x64-0.16.17.tgz}
    name: '@esbuild/freebsd-x64'
    version: 0.16.17
    engines: {node: '>=12'}
    cpu: [x64]
    os: [freebsd]
    requiresBuild: true
    dev: true
    optional: true

  artifactory.intra.xiaojukeji.com/@esbuild/linux-arm/0.16.17:
    resolution: {integrity: sha1-tZHmpZ2cT+DurdSHSxV6t4z18ZY=, registry: https://npm.intra.xiaojukeji.com/, tarball: http://artifactory.intra.xiaojukeji.com/artifactory/api/npm/npm/@esbuild/linux-arm/-/linux-arm-0.16.17.tgz?dl=https%3A%2F%2Fregistry.npmmirror.com%2F%40esbuild%2Flinux-arm%2F-%2Flinux-arm-0.16.17.tgz}
    name: '@esbuild/linux-arm'
    version: 0.16.17
    engines: {node: '>=12'}
    cpu: [arm]
    os: [linux]
    requiresBuild: true
    dev: true
    optional: true

  artifactory.intra.xiaojukeji.com/@esbuild/linux-arm64/0.16.17:
    resolution: {integrity: sha1-oAP3/yN8UB4JXU86CeWPx7JaSso=, registry: https://npm.intra.xiaojukeji.com/, tarball: http://artifactory.intra.xiaojukeji.com/artifactory/api/npm/npm/@esbuild/linux-arm64/-/linux-arm64-0.16.17.tgz?dl=https%3A%2F%2Fregistry.npmmirror.com%2F%40esbuild%2Flinux-arm64%2F-%2Flinux-arm64-0.16.17.tgz}
    name: '@esbuild/linux-arm64'
    version: 0.16.17
    engines: {node: '>=12'}
    cpu: [arm64]
    os: [linux]
    requiresBuild: true
    dev: true
    optional: true

  artifactory.intra.xiaojukeji.com/@esbuild/linux-ia32/0.16.17:
    resolution: {integrity: sha1-JDM6EQJ+9GoY9XAZRQpRiJGOKlQ=, registry: https://npm.intra.xiaojukeji.com/, tarball: http://artifactory.intra.xiaojukeji.com/artifactory/api/npm/npm/@esbuild/linux-ia32/-/linux-ia32-0.16.17.tgz?dl=https%3A%2F%2Fregistry.npmmirror.com%2F%40esbuild%2Flinux-ia32%2F-%2Flinux-ia32-0.16.17.tgz}
    name: '@esbuild/linux-ia32'
    version: 0.16.17
    engines: {node: '>=12'}
    cpu: [ia32]
    os: [linux]
    requiresBuild: true
    dev: true
    optional: true

  artifactory.intra.xiaojukeji.com/@esbuild/linux-loong64/0.16.17:
    resolution: {integrity: sha1-1a1FnUHtQrvU0AUlazGILsUiJ9g=, registry: https://npm.intra.xiaojukeji.com/, tarball: http://artifactory.intra.xiaojukeji.com/artifactory/api/npm/npm/@esbuild/linux-loong64/-/linux-loong64-0.16.17.tgz?dl=https%3A%2F%2Fregistry.npmmirror.com%2F%40esbuild%2Flinux-loong64%2F-%2Flinux-loong64-0.16.17.tgz}
    name: '@esbuild/linux-loong64'
    version: 0.16.17
    engines: {node: '>=12'}
    cpu: [loong64]
    os: [linux]
    requiresBuild: true
    dev: true
    optional: true

  artifactory.intra.xiaojukeji.com/@esbuild/linux-mips64el/0.16.17:
    resolution: {integrity: sha1-TllnpmXDg2CwqCBVlDd9Tc+cNyY=, registry: https://npm.intra.xiaojukeji.com/, tarball: http://artifactory.intra.xiaojukeji.com/artifactory/api/npm/npm/@esbuild/linux-mips64el/-/linux-mips64el-0.16.17.tgz?dl=https%3A%2F%2Fregistry.npmmirror.com%2F%40esbuild%2Flinux-mips64el%2F-%2Flinux-mips64el-0.16.17.tgz}
    name: '@esbuild/linux-mips64el'
    version: 0.16.17
    engines: {node: '>=12'}
    cpu: [mips64el]
    os: [linux]
    requiresBuild: true
    dev: true
    optional: true

  artifactory.intra.xiaojukeji.com/@esbuild/linux-ppc64/0.16.17:
    resolution: {integrity: sha1-IGRDoC61aPn98LQ4+9R9Juc1r8g=, registry: https://npm.intra.xiaojukeji.com/, tarball: http://artifactory.intra.xiaojukeji.com/artifactory/api/npm/npm/@esbuild/linux-ppc64/-/linux-ppc64-0.16.17.tgz?dl=https%3A%2F%2Fregistry.npmmirror.com%2F%40esbuild%2Flinux-ppc64%2F-%2Flinux-ppc64-0.16.17.tgz}
    name: '@esbuild/linux-ppc64'
    version: 0.16.17
    engines: {node: '>=12'}
    cpu: [ppc64]
    os: [linux]
    requiresBuild: true
    dev: true
    optional: true

  artifactory.intra.xiaojukeji.com/@esbuild/linux-riscv64/0.16.17:
    resolution: {integrity: sha1-w1HkM9AJvyVueYrQSBUsjXbaL8k=, registry: https://npm.intra.xiaojukeji.com/, tarball: http://artifactory.intra.xiaojukeji.com/artifactory/api/npm/npm/@esbuild/linux-riscv64/-/linux-riscv64-0.16.17.tgz?dl=https%3A%2F%2Fregistry.npmmirror.com%2F%40esbuild%2Flinux-riscv64%2F-%2Flinux-riscv64-0.16.17.tgz}
    name: '@esbuild/linux-riscv64'
    version: 0.16.17
    engines: {node: '>=12'}
    cpu: [riscv64]
    os: [linux]
    requiresBuild: true
    dev: true
    optional: true

  artifactory.intra.xiaojukeji.com/@esbuild/linux-s390x/0.16.17:
    resolution: {integrity: sha1-Zh8nHl1ZYVuEtoAdHCEjrRPZvYc=, registry: https://npm.intra.xiaojukeji.com/, tarball: http://artifactory.intra.xiaojukeji.com/artifactory/api/npm/npm/@esbuild/linux-s390x/-/linux-s390x-0.16.17.tgz?dl=https%3A%2F%2Fregistry.npmmirror.com%2F%40esbuild%2Flinux-s390x%2F-%2Flinux-s390x-0.16.17.tgz}
    name: '@esbuild/linux-s390x'
    version: 0.16.17
    engines: {node: '>=12'}
    cpu: [s390x]
    os: [linux]
    requiresBuild: true
    dev: true
    optional: true

  artifactory.intra.xiaojukeji.com/@esbuild/linux-x64/0.16.17:
    resolution: {integrity: sha1-5LoY6LFJqJyYI1FEOjd8cjdiuF8=, registry: https://npm.intra.xiaojukeji.com/, tarball: http://artifactory.intra.xiaojukeji.com/artifactory/api/npm/npm/@esbuild/linux-x64/-/linux-x64-0.16.17.tgz?dl=https%3A%2F%2Fregistry.npmmirror.com%2F%40esbuild%2Flinux-x64%2F-%2Flinux-x64-0.16.17.tgz}
    name: '@esbuild/linux-x64'
    version: 0.16.17
    engines: {node: '>=12'}
    cpu: [x64]
    os: [linux]
    requiresBuild: true
    dev: true
    optional: true

  artifactory.intra.xiaojukeji.com/@esbuild/netbsd-x64/0.16.17:
    resolution: {integrity: sha1-fU9AQeMMXAfdJP+ilcc/BgOOx3U=, registry: https://npm.intra.xiaojukeji.com/, tarball: http://artifactory.intra.xiaojukeji.com/artifactory/api/npm/npm/@esbuild/netbsd-x64/-/netbsd-x64-0.16.17.tgz?dl=https%3A%2F%2Fregistry.npmmirror.com%2F%40esbuild%2Fnetbsd-x64%2F-%2Fnetbsd-x64-0.16.17.tgz}
    name: '@esbuild/netbsd-x64'
    version: 0.16.17
    engines: {node: '>=12'}
    cpu: [x64]
    os: [netbsd]
    requiresBuild: true
    dev: true
    optional: true

  artifactory.intra.xiaojukeji.com/@esbuild/openbsd-x64/0.16.17:
    resolution: {integrity: sha1-lw+n+EcGgfPmsdsMxCGkr4Bg7DU=, registry: https://npm.intra.xiaojukeji.com/, tarball: http://artifactory.intra.xiaojukeji.com/artifactory/api/npm/npm/@esbuild/openbsd-x64/-/openbsd-x64-0.16.17.tgz?dl=https%3A%2F%2Fregistry.npmmirror.com%2F%40esbuild%2Fopenbsd-x64%2F-%2Fopenbsd-x64-0.16.17.tgz}
    name: '@esbuild/openbsd-x64'
    version: 0.16.17
    engines: {node: '>=12'}
    cpu: [x64]
    os: [openbsd]
    requiresBuild: true
    dev: true
    optional: true

  artifactory.intra.xiaojukeji.com/@esbuild/sunos-x64/0.16.17:
    resolution: {integrity: sha1-q8YOfEq/i4n7ek/mmhSEEyI4Aiw=, registry: https://npm.intra.xiaojukeji.com/, tarball: http://artifactory.intra.xiaojukeji.com/artifactory/api/npm/npm/@esbuild/sunos-x64/-/sunos-x64-0.16.17.tgz?dl=https%3A%2F%2Fregistry.npmmirror.com%2F%40esbuild%2Fsunos-x64%2F-%2Fsunos-x64-0.16.17.tgz}
    name: '@esbuild/sunos-x64'
    version: 0.16.17
    engines: {node: '>=12'}
    cpu: [x64]
    os: [sunos]
    requiresBuild: true
    dev: true
    optional: true

  artifactory.intra.xiaojukeji.com/@esbuild/win32-arm64/0.16.17:
    resolution: {integrity: sha1-ew/56MMmVTenp7H9miTnvTn82Ho=, registry: https://npm.intra.xiaojukeji.com/, tarball: http://artifactory.intra.xiaojukeji.com/artifactory/api/npm/npm/@esbuild/win32-arm64/-/win32-arm64-0.16.17.tgz?dl=https%3A%2F%2Fregistry.npmmirror.com%2F%40esbuild%2Fwin32-arm64%2F-%2Fwin32-arm64-0.16.17.tgz}
    name: '@esbuild/win32-arm64'
    version: 0.16.17
    engines: {node: '>=12'}
    cpu: [arm64]
    os: [win32]
    requiresBuild: true
    dev: true
    optional: true

  artifactory.intra.xiaojukeji.com/@esbuild/win32-ia32/0.16.17:
    resolution: {integrity: sha1-6Q/lJn1xp7dWev3EA9/RmMKS6wk=, registry: https://npm.intra.xiaojukeji.com/, tarball: http://artifactory.intra.xiaojukeji.com/artifactory/api/npm/npm/@esbuild/win32-ia32/-/win32-ia32-0.16.17.tgz?dl=https%3A%2F%2Fregistry.npmmirror.com%2F%40esbuild%2Fwin32-ia32%2F-%2Fwin32-ia32-0.16.17.tgz}
    name: '@esbuild/win32-ia32'
    version: 0.16.17
    engines: {node: '>=12'}
    cpu: [ia32]
    os: [win32]
    requiresBuild: true
    dev: true
    optional: true

  artifactory.intra.xiaojukeji.com/@esbuild/win32-x64/0.16.17:
    resolution: {integrity: sha1-xaGkv+G1fww+YbKYg1JcbaPlwJE=, registry: https://npm.intra.xiaojukeji.com/, tarball: http://artifactory.intra.xiaojukeji.com/artifactory/api/npm/npm/@esbuild/win32-x64/-/win32-x64-0.16.17.tgz?dl=https%3A%2F%2Fregistry.npmmirror.com%2F%40esbuild%2Fwin32-x64%2F-%2Fwin32-x64-0.16.17.tgz}
    name: '@esbuild/win32-x64'
    version: 0.16.17
    engines: {node: '>=12'}
    cpu: [x64]
    os: [win32]
    requiresBuild: true
    dev: true
    optional: true

  artifactory.intra.xiaojukeji.com/@vitejs/plugin-vue/3.2.0_vite@4.1.1+vue@3.2.47:
    resolution: {integrity: sha1-oUhAid2F1lKPQ1dD+EzdDSFbu1Q=, registry: https://npm.intra.xiaojukeji.com/, tarball: http://artifactory.intra.xiaojukeji.com/artifactory/api/npm/npm/@vitejs/plugin-vue/-/plugin-vue-3.2.0.tgz?dl=https%3A%2F%2Fregistry.npmmirror.com%2F%40vitejs%2Fplugin-vue%2F-%2Fplugin-vue-3.2.0.tgz}
    id: artifactory.intra.xiaojukeji.com/@vitejs/plugin-vue/3.2.0
    name: '@vitejs/plugin-vue'
    version: 3.2.0
    engines: {node: ^14.18.0 || >=16.0.0}
    peerDependencies:
      vite: ^3.0.0
      vue: ^3.2.25
    dependencies:
      vite: artifactory.intra.xiaojukeji.com/vite/4.1.1
      vue: artifactory.intra.xiaojukeji.com/vue/3.2.47
    dev: true

  artifactory.intra.xiaojukeji.com/@volar/code-gen/0.40.13:
    resolution: {integrity: sha1-zWmmexFGK5PXnqITn58eCnbhURE=, registry: https://npm.intra.xiaojukeji.com/, tarball: http://artifactory.intra.xiaojukeji.com/artifactory/api/npm/npm/@volar/code-gen/-/code-gen-0.40.13.tgz?dl=https%3A%2F%2Fregistry.npmmirror.com%2F%40volar%2Fcode-gen%2F-%2Fcode-gen-0.40.13.tgz}
    name: '@volar/code-gen'
    version: 0.40.13
    dependencies:
      '@volar/source-map': artifactory.intra.xiaojukeji.com/@volar/source-map/0.40.13
    dev: true

  artifactory.intra.xiaojukeji.com/@volar/source-map/0.40.13:
    resolution: {integrity: sha1-msvEdhS72PpxDSM9EP/xsYy3ioA=, registry: https://npm.intra.xiaojukeji.com/, tarball: http://artifactory.intra.xiaojukeji.com/artifactory/api/npm/npm/@volar/source-map/-/source-map-0.40.13.tgz?dl=https%3A%2F%2Fregistry.npmmirror.com%2F%40volar%2Fsource-map%2F-%2Fsource-map-0.40.13.tgz}
    name: '@volar/source-map'
    version: 0.40.13
    dependencies:
      '@vue/reactivity': artifactory.intra.xiaojukeji.com/@vue/reactivity/3.2.38
    dev: true

  artifactory.intra.xiaojukeji.com/@volar/typescript-faster/0.40.13:
    resolution: {integrity: sha1-XZYAMzzCUK1T6GBP9qKjLkrPvIY=, registry: https://npm.intra.xiaojukeji.com/, tarball: http://artifactory.intra.xiaojukeji.com/artifactory/api/npm/npm/@volar/typescript-faster/-/typescript-faster-0.40.13.tgz?dl=https%3A%2F%2Fregistry.npmmirror.com%2F%40volar%2Ftypescript-faster%2F-%2Ftypescript-faster-0.40.13.tgz}
    name: '@volar/typescript-faster'
    version: 0.40.13
    dependencies:
      semver: artifactory.intra.xiaojukeji.com/semver/7.3.8
    dev: true

  artifactory.intra.xiaojukeji.com/@volar/vue-language-core/0.40.13:
    resolution: {integrity: sha1-E6ecKe9j1mpAr9GykWZARwOyQMQ=, registry: https://npm.intra.xiaojukeji.com/, tarball: http://artifactory.intra.xiaojukeji.com/artifactory/api/npm/npm/@volar/vue-language-core/-/vue-language-core-0.40.13.tgz?dl=https%3A%2F%2Fregistry.npmmirror.com%2F%40volar%2Fvue-language-core%2F-%2Fvue-language-core-0.40.13.tgz}
    name: '@volar/vue-language-core'
    version: 0.40.13
    dependencies:
      '@volar/code-gen': artifactory.intra.xiaojukeji.com/@volar/code-gen/0.40.13
      '@volar/source-map': artifactory.intra.xiaojukeji.com/@volar/source-map/0.40.13
      '@vue/compiler-core': artifactory.intra.xiaojukeji.com/@vue/compiler-core/3.2.47
      '@vue/compiler-dom': artifactory.intra.xiaojukeji.com/@vue/compiler-dom/3.2.47
      '@vue/compiler-sfc': artifactory.intra.xiaojukeji.com/@vue/compiler-sfc/3.2.47
      '@vue/reactivity': artifactory.intra.xiaojukeji.com/@vue/reactivity/3.2.47
      '@vue/shared': artifactory.intra.xiaojukeji.com/@vue/shared/3.2.47
    dev: true

  artifactory.intra.xiaojukeji.com/@volar/vue-typescript/0.40.13:
    resolution: {integrity: sha1-UP6OCWX04UWW7KV1ULXKEziMJEw=, registry: https://npm.intra.xiaojukeji.com/, tarball: http://artifactory.intra.xiaojukeji.com/artifactory/api/npm/npm/@volar/vue-typescript/-/vue-typescript-0.40.13.tgz?dl=https%3A%2F%2Fregistry.npmmirror.com%2F%40volar%2Fvue-typescript%2F-%2Fvue-typescript-0.40.13.tgz}
    name: '@volar/vue-typescript'
    version: 0.40.13
    dependencies:
      '@volar/code-gen': artifactory.intra.xiaojukeji.com/@volar/code-gen/0.40.13
      '@volar/typescript-faster': artifactory.intra.xiaojukeji.com/@volar/typescript-faster/0.40.13
      '@volar/vue-language-core': artifactory.intra.xiaojukeji.com/@volar/vue-language-core/0.40.13
    dev: true

  artifactory.intra.xiaojukeji.com/@vue/compiler-core/3.2.47:
    resolution: {integrity: sha1-PgfGhNdIl6yapZIsUgdB8wKSZ/g=, registry: https://npm.intra.xiaojukeji.com/, tarball: http://artifactory.intra.xiaojukeji.com/artifactory/api/npm/npm/@vue/compiler-core/-/compiler-core-3.2.47.tgz?dl=https%3A%2F%2Fregistry.npmmirror.com%2F%40vue%2Fcompiler-core%2F-%2Fcompiler-core-3.2.47.tgz}
    name: '@vue/compiler-core'
    version: 3.2.47
    dependencies:
      '@babel/parser': artifactory.intra.xiaojukeji.com/@babel/parser/7.20.15
      '@vue/shared': artifactory.intra.xiaojukeji.com/@vue/shared/3.2.47
      estree-walker: artifactory.intra.xiaojukeji.com/estree-walker/2.0.2
      source-map: artifactory.intra.xiaojukeji.com/source-map/0.6.1

  artifactory.intra.xiaojukeji.com/@vue/compiler-dom/3.2.47:
    resolution: {integrity: sha1-oLBsr373BWk55WPcqpy94weU8wU=, registry: https://npm.intra.xiaojukeji.com/, tarball: http://artifactory.intra.xiaojukeji.com/artifactory/api/npm/npm/@vue/compiler-dom/-/compiler-dom-3.2.47.tgz?dl=https%3A%2F%2Fregistry.npmmirror.com%2F%40vue%2Fcompiler-dom%2F-%2Fcompiler-dom-3.2.47.tgz}
    name: '@vue/compiler-dom'
    version: 3.2.47
    dependencies:
      '@vue/compiler-core': artifactory.intra.xiaojukeji.com/@vue/compiler-core/3.2.47
      '@vue/shared': artifactory.intra.xiaojukeji.com/@vue/shared/3.2.47

  artifactory.intra.xiaojukeji.com/@vue/compiler-sfc/3.2.47:
    resolution: {integrity: sha1-G9w29s3BZD9y4sOX6xo5j1AErT0=, registry: https://npm.intra.xiaojukeji.com/, tarball: http://artifactory.intra.xiaojukeji.com/artifactory/api/npm/npm/@vue/compiler-sfc/-/compiler-sfc-3.2.47.tgz?dl=https%3A%2F%2Fregistry.npmmirror.com%2F%40vue%2Fcompiler-sfc%2F-%2Fcompiler-sfc-3.2.47.tgz}
    name: '@vue/compiler-sfc'
    version: 3.2.47
    dependencies:
      '@babel/parser': artifactory.intra.xiaojukeji.com/@babel/parser/7.20.15
      '@vue/compiler-core': artifactory.intra.xiaojukeji.com/@vue/compiler-core/3.2.47
      '@vue/compiler-dom': artifactory.intra.xiaojukeji.com/@vue/compiler-dom/3.2.47
      '@vue/compiler-ssr': artifactory.intra.xiaojukeji.com/@vue/compiler-ssr/3.2.47
      '@vue/reactivity-transform': artifactory.intra.xiaojukeji.com/@vue/reactivity-transform/3.2.47
      '@vue/shared': artifactory.intra.xiaojukeji.com/@vue/shared/3.2.47
      estree-walker: artifactory.intra.xiaojukeji.com/estree-walker/2.0.2
      magic-string: artifactory.intra.xiaojukeji.com/magic-string/0.25.9
      postcss: artifactory.intra.xiaojukeji.com/postcss/8.4.21
      source-map: artifactory.intra.xiaojukeji.com/source-map/0.6.1

  artifactory.intra.xiaojukeji.com/@vue/compiler-ssr/3.2.47:
    resolution: {integrity: sha1-NYcsAaJzqsTWBwq52NqRirEwV+4=, registry: https://npm.intra.xiaojukeji.com/, tarball: http://artifactory.intra.xiaojukeji.com/artifactory/api/npm/npm/@vue/compiler-ssr/-/compiler-ssr-3.2.47.tgz?dl=https%3A%2F%2Fregistry.npmmirror.com%2F%40vue%2Fcompiler-ssr%2F-%2Fcompiler-ssr-3.2.47.tgz}
    name: '@vue/compiler-ssr'
    version: 3.2.47
    dependencies:
      '@vue/compiler-dom': artifactory.intra.xiaojukeji.com/@vue/compiler-dom/3.2.47
      '@vue/shared': artifactory.intra.xiaojukeji.com/@vue/shared/3.2.47

  artifactory.intra.xiaojukeji.com/@vue/reactivity-transform/3.2.47:
    resolution: {integrity: sha1-5F300GNw+KvykIGhav0lz/um2E4=, registry: https://npm.intra.xiaojukeji.com/, tarball: http://artifactory.intra.xiaojukeji.com/artifactory/api/npm/npm/@vue/reactivity-transform/-/reactivity-transform-3.2.47.tgz?dl=https%3A%2F%2Fregistry.npmmirror.com%2F%40vue%2Freactivity-transform%2F-%2Freactivity-transform-3.2.47.tgz}
    name: '@vue/reactivity-transform'
    version: 3.2.47
    dependencies:
      '@babel/parser': artifactory.intra.xiaojukeji.com/@babel/parser/7.20.15
      '@vue/compiler-core': artifactory.intra.xiaojukeji.com/@vue/compiler-core/3.2.47
      '@vue/shared': artifactory.intra.xiaojukeji.com/@vue/shared/3.2.47
      estree-walker: artifactory.intra.xiaojukeji.com/estree-walker/2.0.2
      magic-string: artifactory.intra.xiaojukeji.com/magic-string/0.25.9

  artifactory.intra.xiaojukeji.com/@vue/reactivity/3.2.38:
    resolution: {integrity: sha1-1Xb9zqmO77lqHxrUVuKJJj6HKS4=, registry: https://npm.intra.xiaojukeji.com/, tarball: http://artifactory.intra.xiaojukeji.com/artifactory/api/npm/npm/@vue/reactivity/-/reactivity-3.2.38.tgz?dl=https%3A%2F%2Fregistry.npmmirror.com%2F%40vue%2Freactivity%2F-%2Freactivity-3.2.38.tgz}
    name: '@vue/reactivity'
    version: 3.2.38
    dependencies:
      '@vue/shared': artifactory.intra.xiaojukeji.com/@vue/shared/3.2.38
    dev: true

  artifactory.intra.xiaojukeji.com/@vue/reactivity/3.2.47:
    resolution: {integrity: sha1-HWOZB06t/D7TXHJ+L9cH1ogRQLY=, registry: https://npm.intra.xiaojukeji.com/, tarball: http://artifactory.intra.xiaojukeji.com/artifactory/api/npm/npm/@vue/reactivity/-/reactivity-3.2.47.tgz?dl=https%3A%2F%2Fregistry.npmmirror.com%2F%40vue%2Freactivity%2F-%2Freactivity-3.2.47.tgz}
    name: '@vue/reactivity'
    version: 3.2.47
    dependencies:
      '@vue/shared': artifactory.intra.xiaojukeji.com/@vue/shared/3.2.47

  artifactory.intra.xiaojukeji.com/@vue/runtime-core/3.2.47:
    resolution: {integrity: sha1-QG663j1VUcAPxkCbvB7rEPMuEh0=, registry: https://npm.intra.xiaojukeji.com/, tarball: http://artifactory.intra.xiaojukeji.com/artifactory/api/npm/npm/@vue/runtime-core/-/runtime-core-3.2.47.tgz?dl=https%3A%2F%2Fregistry.npmmirror.com%2F%40vue%2Fruntime-core%2F-%2Fruntime-core-3.2.47.tgz}
    name: '@vue/runtime-core'
    version: 3.2.47
    dependencies:
      '@vue/reactivity': artifactory.intra.xiaojukeji.com/@vue/reactivity/3.2.47
      '@vue/shared': artifactory.intra.xiaojukeji.com/@vue/shared/3.2.47

  artifactory.intra.xiaojukeji.com/@vue/runtime-dom/3.2.47:
    resolution: {integrity: sha1-k+dg7q6rhN7ft8Pq8+1Y13Ypk4I=, registry: https://npm.intra.xiaojukeji.com/, tarball: http://artifactory.intra.xiaojukeji.com/artifactory/api/npm/npm/@vue/runtime-dom/-/runtime-dom-3.2.47.tgz?dl=https%3A%2F%2Fregistry.npmmirror.com%2F%40vue%2Fruntime-dom%2F-%2Fruntime-dom-3.2.47.tgz}
    name: '@vue/runtime-dom'
    version: 3.2.47
    dependencies:
      '@vue/runtime-core': artifactory.intra.xiaojukeji.com/@vue/runtime-core/3.2.47
      '@vue/shared': artifactory.intra.xiaojukeji.com/@vue/shared/3.2.47
      csstype: artifactory.intra.xiaojukeji.com/csstype/2.6.21

  artifactory.intra.xiaojukeji.com/@vue/server-renderer/3.2.47_vue@3.2.47:
    resolution: {integrity: sha1-iqHRhx/E61p4Uap/dB+PcA5t48A=, registry: https://npm.intra.xiaojukeji.com/, tarball: http://artifactory.intra.xiaojukeji.com/artifactory/api/npm/npm/@vue/server-renderer/-/server-renderer-3.2.47.tgz?dl=https%3A%2F%2Fregistry.npmmirror.com%2F%40vue%2Fserver-renderer%2F-%2Fserver-renderer-3.2.47.tgz}
    id: artifactory.intra.xiaojukeji.com/@vue/server-renderer/3.2.47
    name: '@vue/server-renderer'
    version: 3.2.47
    peerDependencies:
      vue: 3.2.47
    dependencies:
      '@vue/compiler-ssr': artifactory.intra.xiaojukeji.com/@vue/compiler-ssr/3.2.47
      '@vue/shared': artifactory.intra.xiaojukeji.com/@vue/shared/3.2.47
      vue: artifactory.intra.xiaojukeji.com/vue/3.2.47

  artifactory.intra.xiaojukeji.com/@vue/shared/3.2.38:
    resolution: {integrity: sha1-6CPwyy6Ftr9DQwwNaBGxRBwwDzw=, registry: https://npm.intra.xiaojukeji.com/, tarball: http://artifactory.intra.xiaojukeji.com/artifactory/api/npm/npm/@vue/shared/-/shared-3.2.38.tgz?dl=https%3A%2F%2Fregistry.npmmirror.com%2F%40vue%2Fshared%2F-%2Fshared-3.2.38.tgz}
    name: '@vue/shared'
    version: 3.2.38
    dev: true

  artifactory.intra.xiaojukeji.com/@vue/shared/3.2.47:
    resolution: {integrity: sha1-5ZfvdQhsbolv9UeKa/wKeqS70Uw=, registry: https://npm.intra.xiaojukeji.com/, tarball: http://artifactory.intra.xiaojukeji.com/artifactory/api/npm/npm/@vue/shared/-/shared-3.2.47.tgz?dl=https%3A%2F%2Fregistry.npmmirror.com%2F%40vue%2Fshared%2F-%2Fshared-3.2.47.tgz}
    name: '@vue/shared'
    version: 3.2.47

  artifactory.intra.xiaojukeji.com/csstype/2.6.21:
    resolution: {integrity: sha1-LvuFt8xVyAAXxmpa18vZMf2jqQ4=, registry: https://npm.intra.xiaojukeji.com/, tarball: http://artifactory.intra.xiaojukeji.com/artifactory/api/npm/npm/csstype/-/csstype-2.6.21.tgz?dl=https%3A%2F%2Fregistry.npmmirror.com%2Fcsstype%2F-%2Fcsstype-2.6.21.tgz}
    name: csstype
    version: 2.6.21

  artifactory.intra.xiaojukeji.com/esbuild/0.16.17:
    resolution: {integrity: sha1-/Cw5FMV+51BjX+5xuJ9hXyUGUlk=, registry: https://npm.intra.xiaojukeji.com/, tarball: http://artifactory.intra.xiaojukeji.com/artifactory/api/npm/npm/esbuild/-/esbuild-0.16.17.tgz?dl=https%3A%2F%2Fregistry.npmmirror.com%2Fesbuild%2F-%2Fesbuild-0.16.17.tgz}
    name: esbuild
    version: 0.16.17
    engines: {node: '>=12'}
    hasBin: true
    requiresBuild: true
    optionalDependencies:
      '@esbuild/android-arm': artifactory.intra.xiaojukeji.com/@esbuild/android-arm/0.16.17
      '@esbuild/android-arm64': artifactory.intra.xiaojukeji.com/@esbuild/android-arm64/0.16.17
      '@esbuild/android-x64': artifactory.intra.xiaojukeji.com/@esbuild/android-x64/0.16.17
      '@esbuild/darwin-arm64': artifactory.intra.xiaojukeji.com/@esbuild/darwin-arm64/0.16.17
      '@esbuild/darwin-x64': artifactory.intra.xiaojukeji.com/@esbuild/darwin-x64/0.16.17
      '@esbuild/freebsd-arm64': artifactory.intra.xiaojukeji.com/@esbuild/freebsd-arm64/0.16.17
      '@esbuild/freebsd-x64': artifactory.intra.xiaojukeji.com/@esbuild/freebsd-x64/0.16.17
      '@esbuild/linux-arm': artifactory.intra.xiaojukeji.com/@esbuild/linux-arm/0.16.17
      '@esbuild/linux-arm64': artifactory.intra.xiaojukeji.com/@esbuild/linux-arm64/0.16.17
      '@esbuild/linux-ia32': artifactory.intra.xiaojukeji.com/@esbuild/linux-ia32/0.16.17
      '@esbuild/linux-loong64': artifactory.intra.xiaojukeji.com/@esbuild/linux-loong64/0.16.17
      '@esbuild/linux-mips64el': artifactory.intra.xiaojukeji.com/@esbuild/linux-mips64el/0.16.17
      '@esbuild/linux-ppc64': artifactory.intra.xiaojukeji.com/@esbuild/linux-ppc64/0.16.17
      '@esbuild/linux-riscv64': artifactory.intra.xiaojukeji.com/@esbuild/linux-riscv64/0.16.17
      '@esbuild/linux-s390x': artifactory.intra.xiaojukeji.com/@esbuild/linux-s390x/0.16.17
      '@esbuild/linux-x64': artifactory.intra.xiaojukeji.com/@esbuild/linux-x64/0.16.17
      '@esbuild/netbsd-x64': artifactory.intra.xiaojukeji.com/@esbuild/netbsd-x64/0.16.17
      '@esbuild/openbsd-x64': artifactory.intra.xiaojukeji.com/@esbuild/openbsd-x64/0.16.17
      '@esbuild/sunos-x64': artifactory.intra.xiaojukeji.com/@esbuild/sunos-x64/0.16.17
      '@esbuild/win32-arm64': artifactory.intra.xiaojukeji.com/@esbuild/win32-arm64/0.16.17
      '@esbuild/win32-ia32': artifactory.intra.xiaojukeji.com/@esbuild/win32-ia32/0.16.17
      '@esbuild/win32-x64': artifactory.intra.xiaojukeji.com/@esbuild/win32-x64/0.16.17
    dev: true

  artifactory.intra.xiaojukeji.com/estree-walker/2.0.2:
    resolution: {integrity: sha1-UvAQF4wqTBF6d1fP6UKtt9LaTKw=, registry: https://npm.intra.xiaojukeji.com/, tarball: http://artifactory.intra.xiaojukeji.com/artifactory/api/npm/npm/estree-walker/-/estree-walker-2.0.2.tgz?dl=https%3A%2F%2Fregistry.npmmirror.com%2Festree-walker%2F-%2Festree-walker-2.0.2.tgz}
    name: estree-walker
    version: 2.0.2

  artifactory.intra.xiaojukeji.com/fsevents/2.3.2:
    resolution: {integrity: sha1-ilJveLj99GI7cJ4Ll1xSwkwC/Ro=, registry: https://npm.intra.xiaojukeji.com/, tarball: http://artifactory.intra.xiaojukeji.com/artifactory/api/npm/npm/fsevents/-/fsevents-2.3.2.tgz?dl=https%3A%2F%2Fregistry.npmmirror.com%2Ffsevents%2F-%2Ffsevents-2.3.2.tgz}
    name: fsevents
    version: 2.3.2
    engines: {node: ^8.16.0 || ^10.6.0 || >=11.0.0}
    os: [darwin]
    requiresBuild: true
    dev: true
    optional: true

  artifactory.intra.xiaojukeji.com/function-bind/1.1.1:
    resolution: {integrity: sha1-pWiZ0+o8m6uHS7l3O3xe3pL0iV0=, registry: https://npm.intra.xiaojukeji.com/, tarball: http://artifactory.intra.xiaojukeji.com/artifactory/api/npm/npm/function-bind/-/function-bind-1.1.1.tgz?dl=https%3A%2F%2Fregistry.npmmirror.com%2Ffunction-bind%2F-%2Ffunction-bind-1.1.1.tgz}
    name: function-bind
    version: 1.1.1
    dev: true

  artifactory.intra.xiaojukeji.com/has/1.0.3:
    resolution: {integrity: sha1-ci18v8H2qoJB8W3YFOAR4fQeh5Y=, registry: https://npm.intra.xiaojukeji.com/, tarball: http://artifactory.intra.xiaojukeji.com/artifactory/api/npm/npm/has/-/has-1.0.3.tgz?dl=https%3A%2F%2Fregistry.npmmirror.com%2Fhas%2F-%2Fhas-1.0.3.tgz}
    name: has
    version: 1.0.3
    engines: {node: '>= 0.4.0'}
    dependencies:
      function-bind: artifactory.intra.xiaojukeji.com/function-bind/1.1.1
    dev: true

  artifactory.intra.xiaojukeji.com/is-core-module/2.11.0:
    resolution: {integrity: sha1-rUyz44Y+gUUjyW8/WNJsxXD/AUQ=, registry: https://npm.intra.xiaojukeji.com/, tarball: http://artifactory.intra.xiaojukeji.com/artifactory/api/npm/npm/is-core-module/-/is-core-module-2.11.0.tgz?dl=https%3A%2F%2Fregistry.npmmirror.com%2Fis-core-module%2F-%2Fis-core-module-2.11.0.tgz}
    name: is-core-module
    version: 2.11.0
    dependencies:
      has: artifactory.intra.xiaojukeji.com/has/1.0.3
    dev: true

  artifactory.intra.xiaojukeji.com/lru-cache/6.0.0:
    resolution: {integrity: sha1-bW/mVw69lqr5D8rR2vo7JWbbOpQ=, registry: https://npm.intra.xiaojukeji.com/, tarball: http://artifactory.intra.xiaojukeji.com/artifactory/api/npm/npm/lru-cache/-/lru-cache-6.0.0.tgz?dl=https%3A%2F%2Fregistry.npmmirror.com%2Flru-cache%2F-%2Flru-cache-6.0.0.tgz}
    name: lru-cache
    version: 6.0.0
    engines: {node: '>=10'}
    dependencies:
      yallist: artifactory.intra.xiaojukeji.com/yallist/4.0.0
    dev: true

  artifactory.intra.xiaojukeji.com/magic-string/0.25.9:
    resolution: {integrity: sha1-3n+fr5HvihyR0CwuUxTIJ3283Rw=, registry: https://npm.intra.xiaojukeji.com/, tarball: http://artifactory.intra.xiaojukeji.com/artifactory/api/npm/npm/magic-string/-/magic-string-0.25.9.tgz?dl=https%3A%2F%2Fregistry.npmmirror.com%2Fmagic-string%2F-%2Fmagic-string-0.25.9.tgz}
    name: magic-string
    version: 0.25.9
    dependencies:
      sourcemap-codec: artifactory.intra.xiaojukeji.com/sourcemap-codec/1.4.8

  artifactory.intra.xiaojukeji.com/nanoid/3.3.4:
    resolution: {integrity: sha1-cwtn480J4t6s8DwCfIHJ2dvF6Ks=, registry: https://npm.intra.xiaojukeji.com/, tarball: http://artifactory.intra.xiaojukeji.com/artifactory/api/npm/npm/nanoid/-/nanoid-3.3.4.tgz?dl=https%3A%2F%2Fregistry.npmmirror.com%2Fnanoid%2F-%2Fnanoid-3.3.4.tgz}
    name: nanoid
    version: 3.3.4
    engines: {node: ^10 || ^12 || ^13.7 || ^14 || >=15.0.1}
    hasBin: true

  artifactory.intra.xiaojukeji.com/path-parse/1.0.7:
    resolution: {integrity: sha1-+8EUtgykKzDZ2vWFjkvWi77bZzU=, registry: https://npm.intra.xiaojukeji.com/, tarball: http://artifactory.intra.xiaojukeji.com/artifactory/api/npm/npm/path-parse/-/path-parse-1.0.7.tgz?dl=https%3A%2F%2Fregistry.npmmirror.com%2Fpath-parse%2F-%2Fpath-parse-1.0.7.tgz}
    name: path-parse
    version: 1.0.7
    dev: true

  artifactory.intra.xiaojukeji.com/picocolors/1.0.0:
    resolution: {integrity: sha1-y1vcdP8/UYkiNur3nWi8RFZKuBw=, registry: https://npm.intra.xiaojukeji.com/, tarball: http://artifactory.intra.xiaojukeji.com/artifactory/api/npm/npm/picocolors/-/picocolors-1.0.0.tgz?dl=https%3A%2F%2Fregistry.npmmirror.com%2Fpicocolors%2F-%2Fpicocolors-1.0.0.tgz}
    name: picocolors
    version: 1.0.0

  artifactory.intra.xiaojukeji.com/postcss/8.4.21:
    resolution: {integrity: sha1-xjm3GaV+/DGHsToddlZ1SF9BNPQ=, registry: https://npm.intra.xiaojukeji.com/, tarball: http://artifactory.intra.xiaojukeji.com/artifactory/api/npm/npm/postcss/-/postcss-8.4.21.tgz?dl=https%3A%2F%2Fregistry.npmmirror.com%2Fpostcss%2F-%2Fpostcss-8.4.21.tgz}
    name: postcss
    version: 8.4.21
    engines: {node: ^10 || ^12 || >=14}
    dependencies:
      nanoid: artifactory.intra.xiaojukeji.com/nanoid/3.3.4
      picocolors: artifactory.intra.xiaojukeji.com/picocolors/1.0.0
      source-map-js: artifactory.intra.xiaojukeji.com/source-map-js/1.0.2

  artifactory.intra.xiaojukeji.com/resolve/1.22.1:
    resolution: {integrity: sha1-J8suu1P5GrtJRwqSi7p1WAZqwXc=, registry: https://npm.intra.xiaojukeji.com/, tarball: http://artifactory.intra.xiaojukeji.com/artifactory/api/npm/npm/resolve/-/resolve-1.22.1.tgz?dl=https%3A%2F%2Fregistry.npmmirror.com%2Fresolve%2F-%2Fresolve-1.22.1.tgz}
    name: resolve
    version: 1.22.1
    hasBin: true
    dependencies:
      is-core-module: artifactory.intra.xiaojukeji.com/is-core-module/2.11.0
      path-parse: artifactory.intra.xiaojukeji.com/path-parse/1.0.7
      supports-preserve-symlinks-flag: artifactory.intra.xiaojukeji.com/supports-preserve-symlinks-flag/1.0.0
    dev: true

  artifactory.intra.xiaojukeji.com/rollup/3.14.0:
    resolution: {integrity: sha1-9ZJSVfO26N4dujkW12GcfaVwjZU=, registry: https://npm.intra.xiaojukeji.com/, tarball: http://artifactory.intra.xiaojukeji.com/artifactory/api/npm/npm/rollup/-/rollup-3.14.0.tgz?dl=https%3A%2F%2Fregistry.npmmirror.com%2Frollup%2F-%2Frollup-3.14.0.tgz}
    name: rollup
    version: 3.14.0
    engines: {node: '>=14.18.0', npm: '>=8.0.0'}
    hasBin: true
    optionalDependencies:
      fsevents: artifactory.intra.xiaojukeji.com/fsevents/2.3.2
    dev: true

  artifactory.intra.xiaojukeji.com/semver/7.3.8:
    resolution: {integrity: sha1-B6eP6vs/ezI0fXJeM95+Ki32d5g=, registry: https://npm.intra.xiaojukeji.com/, tarball: http://artifactory.intra.xiaojukeji.com/artifactory/api/npm/npm/semver/-/semver-7.3.8.tgz?dl=https%3A%2F%2Fregistry.npmmirror.com%2Fsemver%2F-%2Fsemver-7.3.8.tgz}
    name: semver
    version: 7.3.8
    engines: {node: '>=10'}
    hasBin: true
    dependencies:
      lru-cache: artifactory.intra.xiaojukeji.com/lru-cache/6.0.0
    dev: true

  artifactory.intra.xiaojukeji.com/source-map-js/1.0.2:
    resolution: {integrity: sha1-rbw2HZxi3zgBJefxYfccgm8eSQw=, registry: https://npm.intra.xiaojukeji.com/, tarball: http://artifactory.intra.xiaojukeji.com/artifactory/api/npm/npm/source-map-js/-/source-map-js-1.0.2.tgz?dl=https%3A%2F%2Fregistry.npmmirror.com%2Fsource-map-js%2F-%2Fsource-map-js-1.0.2.tgz}
    name: source-map-js
    version: 1.0.2
    engines: {node: '>=0.10.0'}

  artifactory.intra.xiaojukeji.com/source-map/0.6.1:
    resolution: {integrity: sha1-dHIq8y6WFOnCh6jQu95IteLxomM=, registry: https://npm.intra.xiaojukeji.com/, tarball: http://artifactory.intra.xiaojukeji.com/artifactory/api/npm/npm/source-map/-/source-map-0.6.1.tgz?dl=https%3A%2F%2Fregistry.npmmirror.com%2Fsource-map%2F-%2Fsource-map-0.6.1.tgz}
    name: source-map
    version: 0.6.1
    engines: {node: '>=0.10.0'}

  artifactory.intra.xiaojukeji.com/sourcemap-codec/1.4.8:
    resolution: {integrity: sha1-6oBL2UhXQC5pktBaOO8a41qatMQ=, registry: https://npm.intra.xiaojukeji.com/, tarball: http://artifactory.intra.xiaojukeji.com/artifactory/api/npm/npm/sourcemap-codec/-/sourcemap-codec-1.4.8.tgz?dl=https%3A%2F%2Fregistry.npmmirror.com%2Fsourcemap-codec%2F-%2Fsourcemap-codec-1.4.8.tgz}
    name: sourcemap-codec
    version: 1.4.8
    deprecated: Please use @jridgewell/sourcemap-codec instead

  artifactory.intra.xiaojukeji.com/supports-preserve-symlinks-flag/1.0.0:
    resolution: {integrity: sha1-btpL00SjyUrqN21MwxvHcxEDngk=, registry: https://npm.intra.xiaojukeji.com/, tarball: http://artifactory.intra.xiaojukeji.com/artifactory/api/npm/npm/supports-preserve-symlinks-flag/-/supports-preserve-symlinks-flag-1.0.0.tgz?dl=https%3A%2F%2Fregistry.npmmirror.com%2Fsupports-preserve-symlinks-flag%2F-%2Fsupports-preserve-symlinks-flag-1.0.0.tgz}
    name: supports-preserve-symlinks-flag
    version: 1.0.0
    engines: {node: '>= 0.4'}
    dev: true

  artifactory.intra.xiaojukeji.com/to-fast-properties/2.0.0:
    resolution: {integrity: sha1-3F5pjL0HkmW8c+A3doGk5Og/YW4=, registry: https://npm.intra.xiaojukeji.com/, tarball: http://artifactory.intra.xiaojukeji.com/artifactory/api/npm/npm/to-fast-properties/-/to-fast-properties-2.0.0.tgz?dl=https%3A%2F%2Fregistry.npmmirror.com%2Fto-fast-properties%2F-%2Fto-fast-properties-2.0.0.tgz}
    name: to-fast-properties
    version: 2.0.0
    engines: {node: '>=4'}

  artifactory.intra.xiaojukeji.com/typescript/4.9.5:
    resolution: {integrity: sha1-CVl5+bzA0J2jJNWNA86Pg3TL5lo=, registry: https://npm.intra.xiaojukeji.com/, tarball: http://artifactory.intra.xiaojukeji.com/artifactory/api/npm/npm/typescript/-/typescript-4.9.5.tgz?dl=https%3A%2F%2Fregistry.npmmirror.com%2Ftypescript%2F-%2Ftypescript-4.9.5.tgz}
    name: typescript
    version: 4.9.5
    engines: {node: '>=4.2.0'}
    hasBin: true
    dev: true

  artifactory.intra.xiaojukeji.com/vite/4.1.1:
    resolution: {integrity: sha1-Oxi4Gk6Fzj31y9v0xofZPr9ALms=, registry: https://npm.intra.xiaojukeji.com/, tarball: http://artifactory.intra.xiaojukeji.com/artifactory/api/npm/npm/vite/-/vite-4.1.1.tgz?dl=https%3A%2F%2Fregistry.npmmirror.com%2Fvite%2F-%2Fvite-4.1.1.tgz}
    name: vite
    version: 4.1.1
    engines: {node: ^14.18.0 || >=16.0.0}
    hasBin: true
    peerDependencies:
      '@types/node': '>= 14'
      less: '*'
      sass: '*'
      stylus: '*'
      sugarss: '*'
      terser: ^5.4.0
    peerDependenciesMeta:
      '@types/node':
        optional: true
      less:
        optional: true
      sass:
        optional: true
      stylus:
        optional: true
      sugarss:
        optional: true
      terser:
        optional: true
    dependencies:
      esbuild: artifactory.intra.xiaojukeji.com/esbuild/0.16.17
      postcss: artifactory.intra.xiaojukeji.com/postcss/8.4.21
      resolve: artifactory.intra.xiaojukeji.com/resolve/1.22.1
      rollup: artifactory.intra.xiaojukeji.com/rollup/3.14.0
    optionalDependencies:
      fsevents: artifactory.intra.xiaojukeji.com/fsevents/2.3.2
    dev: true

  artifactory.intra.xiaojukeji.com/vue-tsc/0.40.13_typescript@4.9.5:
    resolution: {integrity: sha1-ChkwFPfK20dFnPCAnOOVO3ShNIw=, registry: https://npm.intra.xiaojukeji.com/, tarball: http://artifactory.intra.xiaojukeji.com/artifactory/api/npm/npm/vue-tsc/-/vue-tsc-0.40.13.tgz?dl=https%3A%2F%2Fregistry.npmmirror.com%2Fvue-tsc%2F-%2Fvue-tsc-0.40.13.tgz}
    id: artifactory.intra.xiaojukeji.com/vue-tsc/0.40.13
    name: vue-tsc
    version: 0.40.13
    hasBin: true
    peerDependencies:
      typescript: '*'
    dependencies:
      '@volar/vue-language-core': artifactory.intra.xiaojukeji.com/@volar/vue-language-core/0.40.13
      '@volar/vue-typescript': artifactory.intra.xiaojukeji.com/@volar/vue-typescript/0.40.13
      typescript: artifactory.intra.xiaojukeji.com/typescript/4.9.5
    dev: true

  artifactory.intra.xiaojukeji.com/vue/3.2.47:
    resolution: {integrity: sha1-Prc2y8YG/IcDjbumoVRwfIo0z/A=, registry: https://npm.intra.xiaojukeji.com/, tarball: http://artifactory.intra.xiaojukeji.com/artifactory/api/npm/npm/vue/-/vue-3.2.47.tgz?dl=https%3A%2F%2Fregistry.npmmirror.com%2Fvue%2F-%2Fvue-3.2.47.tgz}
    name: vue
    version: 3.2.47
    dependencies:
      '@vue/compiler-dom': artifactory.intra.xiaojukeji.com/@vue/compiler-dom/3.2.47
      '@vue/compiler-sfc': artifactory.intra.xiaojukeji.com/@vue/compiler-sfc/3.2.47
      '@vue/runtime-dom': artifactory.intra.xiaojukeji.com/@vue/runtime-dom/3.2.47
      '@vue/server-renderer': artifactory.intra.xiaojukeji.com/@vue/server-renderer/3.2.47_vue@3.2.47
      '@vue/shared': artifactory.intra.xiaojukeji.com/@vue/shared/3.2.47

  artifactory.intra.xiaojukeji.com/yallist/4.0.0:
    resolution: {integrity: sha1-m7knkNnA7/7GO+c1GeEaNQGaOnI=, registry: https://npm.intra.xiaojukeji.com/, tarball: http://artifactory.intra.xiaojukeji.com/artifactory/api/npm/npm/yallist/-/yallist-4.0.0.tgz?dl=https%3A%2F%2Fregistry.npmmirror.com%2Fyallist%2F-%2Fyallist-4.0.0.tgz}
    name: yallist
    version: 4.0.0
    dev: true
